{
  "name": "dialup",
  "version": "0.2.0",
  "lockfileVersion": 2,
  "requires": true,
  "packages": {
    "": {
      "version": "0.2.0",
      "license": "MIT",
      "dependencies": {
        "chromatone": "*",
        "overtone": "*",
        "ws": "*"
      }
    },
    "node_modules/chromatone": {
      "version": "0.0.1",
      "resolved": "https://registry.npmjs.org/chromatone/-/chromatone-0.0.1.tgz",
      "integrity": "sha512-Nm8uSWaPjYXuQrxivz60Vz+lmke/XUctJUb5/gnBlLswUxA5ZftD1nzV0daEMjQlZcLEvxxNu93mWA9qoP1MjA=="
    },
    "node_modules/overtone": {
      "version": "0.0.2",
      "resolved": "https://registry.npmjs.org/overtone/-/overtone-0.0.2.tgz",
      "integrity": "sha1-NTd7RgNkKzOZdJO9D6J1+deRkzk="
    },
    "node_modules/ws": {
      "version": "7.4.3",
      "resolved": "https://registry.npmjs.org/ws/-/ws-7.4.3.tgz",
      "integrity": "sha512-hr6vCR76GsossIRsr8OLR9acVVm1jyfEWvhbNjtgPOrfvAlKzvyeg/P6r8RuDjRyrcQoPQT7K0DGEPc7Ae6jzA==",
      "engines": {
        "node": ">=8.3.0"
      },
      "peerDependencies": {
        "bufferutil": "^4.0.1",
        "utf-8-validate": "^5.0.2"
      },
      "peerDependenciesMeta": {
        "bufferutil": {
          "optional": true
        },
        "utf-8-validate": {
          "optional": true
        }
      }
    }
  },
  "dependencies": {
    "chromatone": {
      "version": "0.0.1",
      "resolved": "https://registry.npmjs.org/chromatone/-/chromatone-0.0.1.tgz",
      "integrity": "sha512-Nm8uSWaPjYXuQrxivz60Vz+lmke/XUctJUb5/gnBlLswUxA5ZftD1nzV0daEMjQlZcLEvxxNu93mWA9qoP1MjA=="
    },
    "overtone": {
      "version": "0.0.2",
      "resolved": "https://registry.npmjs.org/overtone/-/overtone-0.0.2.tgz",
      "integrity": "sha1-NTd7RgNkKzOZdJO9D6J1+deRkzk="
    },
    "ws": {
      "version": "7.4.3",
      "resolved": "https://registry.npmjs.org/ws/-/ws-7.4.3.tgz",
      "integrity": "sha512-hr6vCR76GsossIRsr8OLR9acVVm1jyfEWvhbNjtgPOrfvAlKzvyeg/P6r8RuDjRyrcQoPQT7K0DGEPc7Ae6jzA==",
      "requires": {}
    }
  }
}
